
Microsoft Visual Studio Solution File, Format Version 12.00
# Visual Studio 15
VisualStudioVersion = 15.0.27130.2036
MinimumVisualStudioVersion = 10.0.40219.1
Project("{FAE04EC0-301F-11D3-BF4B-00C04F79EFBC}") = "WJQ.OA.WebApp", "WJQ.OA.WebApp\WJQ.OA.WebApp.csproj", "{21CE1902-905C-4684-A79E-F1363FE57778}"
EndProject
Project("{FAE04EC0-301F-11D3-BF4B-00C04F79EFBC}") = "WJQ.OA.Model", "WJQ.OA.Model\WJQ.OA.Model.csproj", "{20A5CBD5-9E42-4C4F-8FD1-F9AC8E4DF7A9}"
EndProject
Global
	GlobalSection(SolutionConfigurationPlatforms) = preSolution
		Debug|Any CPU = Debug|Any CPU
		Release|Any CPU = Release|Any CPU
	EndGlobalSection
	GlobalSection(ProjectConfigurationPlatforms) = postSolution
		{21CE1902-905C-4684-A79E-F1363FE57778}.Debug|Any CPU.ActiveCfg = Debug|Any CPU
		{21CE1902-905C-4684-A79E-F1363FE57778}.Debug|Any CPU.Build.0 = Debug|Any CPU
		{21CE1902-905C-4684-A79E-F1363FE57778}.Release|Any CPU.ActiveCfg = Release|Any CPU
		{21CE1902-905C-4684-A79E-F1363FE57778}.Release|Any CPU.Build.0 = Release|Any CPU
		{20A5CBD5-9E42-4C4F-8FD1-F9AC8E4DF7A9}.Debug|Any CPU.ActiveCfg = Debug|Any CPU
		{20A5CBD5-9E42-4C4F-8FD1-F9AC8E4DF7A9}.Debug|Any CPU.Build.0 = Debug|Any CPU
		{20A5CBD5-9E42-4C4F-8FD1-F9AC8E4DF7A9}.Release|Any CPU.ActiveCfg = Release|Any CPU
		{20A5CBD5-9E42-4C4F-8FD1-F9AC8E4DF7A9}.Release|Any CPU.Build.0 = Release|Any CPU
	EndGlobalSection
	GlobalSection(SolutionProperties) = preSolution
		HideSolutionNode = FALSE
	EndGlobalSection
	GlobalSection(ExtensibilityGlobals) = postSolution
		SolutionGuid = {C412D1C9-7695-4CD4-B914-D84AB60834A9}
	EndGlobalSection
EndGlobal
